
Microsoft Visual Studio Solution File, Format Version 12.00
# Visual Studio Version 17
VisualStudioVersion = 17.2.32519.379
MinimumVisualStudioVersion = 10.0.40219.1
Project("{FAE04EC0-301F-11D3-BF4B-00C04F79EFBC}") = "ClassCoupling", "ClassCoupling\ClassCoupling.csproj", "{F65D82AD-FB10-4B81-A3EA-AEEE7A32F3E2}"
EndProject
Global
	GlobalSection(SolutionConfigurationPlatforms) = preSolution
		Debug|Any CPU = Debug|Any CPU
		Release|Any CPU = Release|Any CPU
	EndGlobalSection
	GlobalSection(ProjectConfigurationPlatforms) = postSolution
		{F65D82AD-FB10-4B81-A3EA-AEEE7A32F3E2}.Debug|Any CPU.ActiveCfg = Debug|Any CPU
		{F65D82AD-FB10-4B81-A3EA-AEEE7A32F3E2}.Debug|Any CPU.Build.0 = Debug|Any CPU
		{F65D82AD-FB10-4B81-A3EA-AEEE7A32F3E2}.Release|Any CPU.ActiveCfg = Release|Any CPU
		{F65D82AD-FB10-4B81-A3EA-AEEE7A32F3E2}.Release|Any CPU.Build.0 = Release|Any CPU
	EndGlobalSection
	GlobalSection(SolutionProperties) = preSolution
		HideSolutionNode = FALSE
	EndGlobalSection
	GlobalSection(ExtensibilityGlobals) = postSolution
		SolutionGuid = {C7C35C38-01E3-4B2D-BB6E-628FC6F890D0}
	EndGlobalSection
EndGlobal
